{
  "name": "node-with-window-examples",
  "version": "0.0.0",
  "lockfileVersion": 3,
  "requires": true,
  "packages": {
    "": {
      "name": "node-with-window-examples",
      "dependencies": {
        "@devscholar/node-ps1-dotnet": "file:../node-ps1-dotnet"
      },
      "engines": {
        "node": ">=18.0.0"
      }
    },
    "../node-ps1-dotnet": {
      "name": "@devscholar/node-ps1-dotnet",
      "version": "0.0.10",
      "license": "MIT",
      "devDependencies": {
        "@types/node": "^25.0.10",
        "tsx": "^4.21.0",
        "typescript": "^5.9.3",
        "vitest": "^3.0.0"
      }
    },
    "../node-with-gjs": {
      "extraneous": true
    },
    "../node-with-window": {
      "name": "@devscholar/node-with-window",
      "version": "0.0.13",
      "extraneous": true,
      "license": "MIT",
      "dependencies": {
        "@devscholar/node-ps1-dotnet": "file:../node-ps1-dotnet"
      },
      "bin": {
        "node-with-window": "bin/node-with-window.js"
      },
      "devDependencies": {
        "@types/node": "^25.3.3",
        "@typescript-eslint/eslint-plugin": "^8.57.0",
        "@typescript-eslint/parser": "^8.57.0",
        "esbuild": "^0.25.0",
        "eslint": "^9.39.4",
        "eslint-config-prettier": "^10.1.8",
        "globals": "^17.4.0",
        "prettier": "^3.8.1",
        "typescript": "^5.9.3",
        "vitest": "^4.0.18"
      }
    },
    "node_modules/@devscholar/node-ps1-dotnet": {
      "resolved": "../node-ps1-dotnet",
      "link": true
    }
  }
}
